// !$*UTF8*$!
{
	archiveVersion = 1;
	classes = {
	};
	objectVersion = 46;
	objects = {

/* Begin PBXBuildFile section */
		6E0136751B66148E00D337A1 /* AppDelegate.swift in Sources */ = {isa = PBXBuildFile; fileRef = 6E0136741B66148E00D337A1 /* AppDelegate.swift */; };
		6E01367A1B66148E00D337A1 /* Main.storyboard in Resources */ = {isa = PBXBuildFile; fileRef = 6E0136781B66148E00D337A1 /* Main.storyboard */; };
		6E01367C1B66148E00D337A1 /* Images.xcassets in Resources */ = {isa = PBXBuildFile; fileRef = 6E01367B1B66148E00D337A1 /* Images.xcassets */; };
		6E01367F1B66148E00D337A1 /* LaunchScreen.xib in Resources */ = {isa = PBXBuildFile; fileRef = 6E01367D1B66148E00D337A1 /* LaunchScreen.xib */; };
		6E01368B1B66148E00D337A1 /* happinessTests.swift in Sources */ = {isa = PBXBuildFile; fileRef = 6E01368A1B66148E00D337A1 /* happinessTests.swift */; };
		6E0136971B66278200D337A1 /* HappinessViewController.swift in Sources */ = {isa = PBXBuildFile; fileRef = 6E0136961B66278200D337A1 /* HappinessViewController.swift */; };
		6E0136991B66286900D337A1 /* FaceView.swift in Sources */ = {isa = PBXBuildFile; fileRef = 6E0136981B66286900D337A1 /* FaceView.swift */; };
/* End PBXBuildFile section */

/* Begin PBXContainerItemProxy section */
		6E0136851B66148E00D337A1 /* PBXContainerItemProxy */ = {
			isa = PBXContainerItemProxy;
			containerPortal = 6E0136671B66148E00D337A1 /* Project object */;
			proxyType = 1;
			remoteGlobalIDString = 6E01366E1B66148E00D337A1;
			remoteInfo = happiness;
		};
/* End PBXContainerItemProxy section */

/* Begin PBXFileReference section */
		6E01366F1B66148E00D337A1 /* happiness.app */ = {isa = PBXFileReference; explicitFileType = wrapper.application; includeInIndex = 0; path = happiness.app; sourceTree = BUILT_PRODUCTS_DIR; };
		6E0136731B66148E00D337A1 /* Info.plist */ = {isa = PBXFileReference; lastKnownFileType = text.plist.xml; path = Info.plist; sourceTree = "<group>"; };
		6E0136741B66148E00D337A1 /* AppDelegate.swift */ = {isa = PBXFileReference; lastKnownFileType = sourcecode.swift; path = AppDelegate.swift; sourceTree = "<group>"; };
		6E0136791B66148E00D337A1 /* Base */ = {isa = PBXFileReference; lastKnownFileType = file.storyboard; name = Base; path = Base.lproj/Main.storyboard; sourceTree = "<group>"; };
		6E01367B1B66148E00D337A1 /* Images.xcassets */ = {isa = PBXFileReference; lastKnownFileType = folder.assetcatalog; path = Images.xcassets; sourceTree = "<group>"; };
		6E01367E1B66148E00D337A1 /* Base */ = {isa = PBXFileReference; lastKnownFileType = file.xib; name = Base; path = Base.lproj/LaunchScreen.xib; sourceTree = "<group>"; };
		6E0136841B66148E00D337A1 /* happinessTests.xctest */ = {isa = PBXFileReference; explicitFileType = wrapper.cfbundle; includeInIndex = 0; path = happinessTests.xctest; sourceTree = BUILT_PRODUCTS_DIR; };
		6E0136891B66148E00D337A1 /* Info.plist */ = {isa = PBXFileReference; lastKnownFileType = text.plist.xml; path = Info.plist; sourceTree = "<group>"; };
		6E01368A1B66148E00D337A1 /* happinessTests.swift */ = {isa = PBXFileReference; lastKnownFileType = sourcecode.swift; path = happinessTests.swift; sourceTree = "<group>"; };
		6E0136961B66278200D337A1 /* HappinessViewController.swift */ = {isa = PBXFileReference; fileEncoding = 4; lastKnownFileType = sourcecode.swift; name = HappinessViewController.swift; path = ../HappinessViewController.swift; sourceTree = "<group>"; };
		6E0136981B66286900D337A1 /* FaceView.swift */ = {isa = PBXFileReference; fileEncoding = 4; lastKnownFileType = sourcecode.swift; path = FaceView.swift; sourceTree = "<group>"; };
/* End PBXFileReference section */

/* Begin PBXFrameworksBuildPhase section */
		6E01366C1B66148E00D337A1 /* Frameworks */ = {
			isa = PBXFrameworksBuildPhase;
			buildActionMask = 2147483647;
			files = (
			);
			runOnlyForDeploymentPostprocessing = 0;
		};
		6E0136811B66148E00D337A1 /* Frameworks */ = {
			isa = PBXFrameworksBuildPhase;
			buildActionMask = 2147483647;
			files = (
			);
			runOnlyForDeploymentPostprocessing = 0;
		};
/* End PBXFrameworksBuildPhase section */

/* Begin PBXGroup section */
		6E0136661B66148E00D337A1 = {
			isa = PBXGroup;
			children = (
				6E0136711B66148E00D337A1 /* happiness */,
				6E0136871B66148E00D337A1 /* happinessTests */,
				6E0136701B66148E00D337A1 /* Products */,
			);
			sourceTree = "<group>";
		};
		6E0136701B66148E00D337A1 /* Products */ = {
			isa = PBXGroup;
			children = (
				6E01366F1B66148E00D337A1 /* happiness.app */,
				6E0136841B66148E00D337A1 /* happinessTests.xctest */,
			);
			name = Products;
			sourceTree = "<group>";
		};
		6E0136711B66148E00D337A1 /* happiness */ = {
			isa = PBXGroup;
			children = (
				6E0136961B66278200D337A1 /* HappinessViewController.swift */,
				6E0136781B66148E00D337A1 /* Main.storyboard */,
				6E0136981B66286900D337A1 /* FaceView.swift */,
				6E0136721B66148E00D337A1 /* Supporting Files */,
			);
			path = happiness;
			sourceTree = "<group>";
		};
		6E0136721B66148E00D337A1 /* Supporting Files */ = {
			isa = PBXGroup;
			children = (
				6E0136741B66148E00D337A1 /* AppDelegate.swift */,
				6E01367B1B66148E00D337A1 /* Images.xcassets */,
				6E01367D1B66148E00D337A1 /* LaunchScreen.xib */,
				6E0136731B66148E00D337A1 /* Info.plist */,
			);
			name = "Supporting Files";
			sourceTree = "<group>";
		};
		6E0136871B66148E00D337A1 /* happinessTests */ = {
			isa = PBXGroup;
			children = (
				6E01368A1B66148E00D337A1 /* happinessTests.swift */,
				6E0136881B66148E00D337A1 /* Supporting Files */,
			);
			path = happinessTests;
			sourceTree = "<group>";
		};
		6E0136881B66148E00D337A1 /* Supporting Files */ = {
			isa = PBXGroup;
			children = (
				6E0136891B66148E00D337A1 /* Info.plist */,
			);
			name = "Supporting Files";
			sourceTree = "<group>";
		};
/* End PBXGroup section */

/* Begin PBXNativeTarget section */
		6E01366E1B66148E00D337A1 /* happiness */ = {
			isa = PBXNativeTarget;
			buildConfigurationList = 6E01368E1B66148F00D337A1 /* Build configuration list for PBXNativeTarget "happiness" */;
			buildPhases = (
				6E01366B1B66148E00D337A1 /* Sources */,
				6E01366C1B66148E00D337A1 /* Frameworks */,
				6E01366D1B66148E00D337A1 /* Resources */,
			);
			buildRules = (
			);
			dependencies = (
			);
			name = happiness;
			productName = happiness;
			productReference = 6E01366F1B66148E00D337A1 /* happiness.app */;
			productType = "com.apple.product-type.application";
		};
		6E0136831B66148E00D337A1 /* happinessTests */ = {
			isa = PBXNativeTarget;
			buildConfigurationList = 6E0136911B66148F00D337A1 /* Build configuration list for PBXNativeTarget "happinessTests" */;
			buildPhases = (
				6E0136801B66148E00D337A1 /* Sources */,
				6E0136811B66148E00D337A1 /* Frameworks */,
				6E0136821B66148E00D337A1 /* Resources */,
			);
			buildRules = (
			);
			dependencies = (
				6E0136861B66148E00D337A1 /* PBXTargetDependency */,
			);
			name = happinessTests;
			productName = happinessTests;
			productReference = 6E0136841B66148E00D337A1 /* happinessTests.xctest */;
			productType = "com.apple.product-type.bundle.unit-test";
		};
/* End PBXNativeTarget section */

/* Begin PBXProject section */
		6E0136671B66148E00D337A1 /* Project object */ = {
			isa = PBXProject;
			attributes = {
				LastUpgradeCheck = 0630;
				ORGANIZATIONNAME = "李弋";
				TargetAttributes = {
					6E01366E1B66148E00D337A1 = {
						CreatedOnToolsVersion = 6.3;
						DevelopmentTeam = 4VF42J428N;
					};
					6E0136831B66148E00D337A1 = {
						CreatedOnToolsVersion = 6.3;
						TestTargetID = 6E01366E1B66148E00D337A1;
					};
				};
			};
			buildConfigurationList = 6E01366A1B66148E00D337A1 /* Build configuration list for PBXProject "happiness" */;
			compatibilityVersion = "Xcode 3.2";
			developmentRegion = English;
			hasScannedForEncodings = 0;
			knownRegions = (
				en,
				Base,
			);
			mainGroup = 6E0136661B66148E00D337A1;
			productRefGroup = 6E0136701B66148E00D337A1 /* Products */;
			projectDirPath = "";
			projectRoot = "";
			targets = (
				6E01366E1B66148E00D337A1 /* happiness */,
				6E0136831B66148E00D337A1 /* happinessTests */,
			);
		};
/* End PBXProject section */

/* Begin PBXResourcesBuildPhase section */
		6E01366D1B66148E00D337A1 /* Resources */ = {
			isa = PBXResourcesBuildPhase;
			buildActionMask = 2147483647;
			files = (
				6E01367A1B66148E00D337A1 /* Main.storyboard in Resources */,
				6E01367F1B66148E00D337A1 /* LaunchScreen.xib in Resources */,
				6E01367C1B66148E00D337A1 /* Images.xcassets in Resources */,
			);
			runOnlyForDeploymentPostprocessing = 0;
		};
		6E0136821B66148E00D337A1 /* Resources */ = {
			isa = PBXResourcesBuildPhase;
			buildActionMask = 2147483647;
			files = (
			);
			runOnlyForDeploymentPostprocessing = 0;
		};
/* End PBXResourcesBuildPhase section */

/* Begin PBXSourcesBuildPhase section */
		6E01366B1B66148E00D337A1 /* Sources */ = {
			isa = PBXSourcesBuildPhase;
			buildActionMask = 2147483647;
			files = (
				6E0136971B66278200D337A1 /* HappinessViewController.swift in Sources */,
				6E0136751B66148E00D337A1 /* AppDelegate.swift in Sources */,
				6E0136991B66286900D337A1 /* FaceView.swift in Sources */,
			);
			runOnlyForDeploymentPostprocessing = 0;
		};
		6E0136801B66148E00D337A1 /* Sources */ = {
			isa = PBXSourcesBuildPhase;
			buildActionMask = 2147483647;
			files = (
				6E01368B1B66148E00D337A1 /* happinessTests.swift in Sources */,
			);
			runOnlyForDeploymentPostprocessing = 0;
		};
/* End PBXSourcesBuildPhase section */

/* Begin PBXTargetDependency section */
		6E0136861B66148E00D337A1 /* PBXTargetDependency */ = {
			isa = PBXTargetDependency;
			target = 6E01366E1B66148E00D337A1 /* happiness */;
			targetProxy = 6E0136851B66148E00D337A1 /* PBXContainerItemProxy */;
		};
/* End PBXTargetDependency section */

/* Begin PBXVariantGroup section */
		6E0136781B66148E00D337A1 /* Main.storyboard */ = {
			isa = PBXVariantGroup;
			children = (
				6E0136791B66148E00D337A1 /* Base */,
			);
			name = Main.storyboard;
			sourceTree = "<group>";
		};
		6E01367D1B66148E00D337A1 /* LaunchScreen.xib */ = {
			isa = PBXVariantGroup;
			children = (
				6E01367E1B66148E00D337A1 /* Base */,
			);
			name = LaunchScreen.xib;
			sourceTree = "<group>";
		};
/* End PBXVariantGroup section */

/* Begin XCBuildConfiguration section */
		6E01368C1B66148E00D337A1 /* Debug */ = {
			isa = XCBuildConfiguration;
			buildSettings = {
				ALWAYS_SEARCH_USER_PATHS = NO;
				CLANG_CXX_LANGUAGE_STANDARD = "gnu++0x";
				CLANG_CXX_LIBRARY = "libc++";
				CLANG_ENABLE_MODULES = YES;
				CLANG_ENABLE_OBJC_ARC = YES;
				CLANG_WARN_BOOL_CONVERSION = YES;
				CLANG_WARN_CONSTANT_CONVERSION = YES;
				CLANG_WARN_DIRECT_OBJC_ISA_USAGE = YES_ERROR;
				CLANG_WARN_EMPTY_BODY = YES;
				CLANG_WARN_ENUM_CONVERSION = YES;
				CLANG_WARN_INT_CONVERSION = YES;
				CLANG_WARN_OBJC_ROOT_CLASS = YES_ERROR;
				CLANG_WARN_UNREACHABLE_CODE = YES;
				CLANG_WARN__DUPLICATE_METHOD_MATCH = YES;
				"CODE_SIGN_IDENTITY[sdk=iphoneos*]" = "iPhone Developer";
				COPY_PHASE_STRIP = NO;
				DEBUG_INFORMATION_FORMAT = "dwarf-with-dsym";
				ENABLE_STRICT_OBJC_MSGSEND = YES;
				GCC_C_LANGUAGE_STANDARD = gnu99;
				GCC_DYNAMIC_NO_PIC = NO;
				GCC_NO_COMMON_BLOCKS = YES;
				GCC_OPTIMIZATION_LEVEL = 0;
				GCC_PREPROCESSOR_DEFINITIONS = (
					"DEBUG=1",
					"$(inherited)",
				);
				GCC_SYMBOLS_PRIVATE_EXTERN = NO;
				GCC_WARN_64_TO_32_BIT_CONVERSION = YES;
				GCC_WARN_ABOUT_RETURN_TYPE = YES_ERROR;
				GCC_WARN_UNDECLARED_SELECTOR = YES;
				GCC_WARN_UNINITIALIZED_AUTOS = YES_AGGRESSIVE;
				GCC_WARN_UNUSED_FUNCTION = YES;
				GCC_WARN_UNUSED_VARIABLE = YES;
				IPHONEOS_DEPLOYMENT_TARGET = 8.3;
				MTL_ENABLE_DEBUG_INFO = YES;
				ONLY_ACTIVE_ARCH = YES;
				SDKROOT = iphoneos;
				SWIFT_OPTIMIZATION_LEVEL = "-Onone";
			};
			name = Debug;
		};
		6E01368D1B66148E00D337A1 /* Release */ = {
			isa = XCBuildConfiguration;
			buildSettings = {
				ALWAYS_SEARCH_USER_PATHS = NO;
				CLANG_CXX_LANGUAGE_STANDARD = "gnu++0x";
				CLANG_CXX_LIBRARY = "libc++";
				CLANG_ENABLE_MODULES = YES;
				CLANG_ENABLE_OBJC_ARC = YES;
				CLANG_WARN_BOOL_CONVERSION = YES;
				CLANG_WARN_CONSTANT_CONVERSION = YES;
				CLANG_WARN_DIRECT_OBJC_ISA_USAGE = YES_ERROR;
				CLANG_WARN_EMPTY_BODY = YES;
				CLANG_WARN_ENUM_CONVERSION = YES;
				CLANG_WARN_INT_CONVERSION = YES;
				CLANG_WARN_OBJC_ROOT_CLASS = YES_ERROR;
				CLANG_WARN_UNREACHABLE_CODE = YES;
				CLANG_WARN__DUPLICATE_METHOD_MATCH = YES;
				"CODE_SIGN_IDENTITY[sdk=iphoneos*]" = "iPhone Developer";
				COPY_PHASE_STRIP = NO;
				DEBUG_INFORMATION_FORMAT = "dwarf-with-dsym";
				ENABLE_NS_ASSERTIONS = NO;
				ENABLE_STRICT_OBJC_MSGSEND = YES;
				GCC_C_LANGUAGE_STANDARD = gnu99;
				GCC_NO_COMMON_BLOCKS = YES;
				GCC_WARN_64_TO_32_BIT_CONVERSION = YES;
				GCC_WARN_ABOUT_RETURN_TYPE = YES_ERROR;
				GCC_WARN_UNDECLARED_SELECTOR = YES;
				GCC_WARN_UNINITIALIZED_AUTOS = YES_AGGRESSIVE;
				GCC_WARN_UNUSED_FUNCTION = YES;
				GCC_WARN_UNUSED_VARIABLE = YES;
				IPHONEOS_DEPLOYMENT_TARGET = 8.3;
				MTL_ENABLE_DEBUG_INFO = NO;
				SDKROOT = iphoneos;
				VALIDATE_PRODUCT = YES;
			};
			name = Release;
		};
		6E01368F1B66148F00D337A1 /* Debug */ = {
			isa = XCBuildConfiguration;
			buildSettings = {
				ASSETCATALOG_COMPILER_APPICON_NAME = AppIcon;
				CODE_SIGN_IDENTITY = "iPhone Developer";
				"CODE_SIGN_IDENTITY[sdk=iphoneos*]" = "iPhone Developer";
				INFOPLIST_FILE = happiness/Info.plist;
				LD_RUNPATH_SEARCH_PATHS = "$(inherited) @executable_path/Frameworks";
				PRODUCT_NAME = "$(TARGET_NAME)";
				PROVISIONING_PROFILE = "";
			};
			name = Debug;
		};
		6E0136901B66148F00D337A1 /* Release */ = {
			isa = XCBuildConfiguration;
			buildSettings = {
				ASSETCATALOG_COMPILER_APPICON_NAME = AppIcon;
				CODE_SIGN_IDENTITY = "iPhone Developer";
				"CODE_SIGN_IDENTITY[sdk=iphoneos*]" = "iPhone Developer";
				INFOPLIST_FILE = happiness/Info.plist;
				LD_RUNPATH_SEARCH_PATHS = "$(inherited) @executable_path/Frameworks";
				PRODUCT_NAME = "$(TARGET_NAME)";
				PROVISIONING_PROFILE = "";
			};
			name = Release;
		};
		6E0136921B66148F00D337A1 /* Debug */ = {
			isa = XCBuildConfiguration;
			buildSettings = {
				BUNDLE_LOADER = "$(TEST_HOST)";
				FRAMEWORK_SEARCH_PATHS = (
					"$(SDKROOT)/Developer/Library/Frameworks",
					"$(inherited)",
				);
				GCC_PREPROCESSOR_DEFINITIONS = (
					"DEBUG=1",
					"$(inherited)",
				);
				INFOPLIST_FILE = happinessTests/Info.plist;
				LD_RUNPATH_SEARCH_PATHS = "$(inherited) @executable_path/Frameworks @loader_path/Frameworks";
				PRODUCT_NAME = "$(TARGET_NAME)";
				TEST_HOST = "$(BUILT_PRODUCTS_DIR)/happiness.app/happiness";
			};
			name = Debug;
		};
		6E0136931B66148F00D337A1 /* Release */ = {
			isa = XCBuildConfiguration;
			buildSettings = {
				BUNDLE_LOADER = "$(TEST_HOST)";
				FRAMEWORK_SEARCH_PATHS = (
					"$(SDKROOT)/Developer/Library/Frameworks",
					"$(inherited)",
				);
				INFOPLIST_FILE = happinessTests/Info.plist;
				LD_RUNPATH_SEARCH_PATHS = "$(inherited) @executable_path/Frameworks @loader_path/Frameworks";
				PRODUCT_NAME = "$(TARGET_NAME)";
				TEST_HOST = "$(BUILT_PRODUCTS_DIR)/happiness.app/happiness";
			};
			name = Release;
		};
/* End XCBuildConfiguration section */

/* Begin XCConfigurationList section */
		6E01366A1B66148E00D337A1 /* Build configuration list for PBXProject "happiness" */ = {
			isa = XCConfigurationList;
			buildConfigurations = (
				6E01368C1B66148E00D337A1 /* Debug */,
				6E01368D1B66148E00D337A1 /* Release */,
			);
			defaultConfigurationIsVisible = 0;
			defaultConfigurationName = Release;
		};
		6E01368E1B66148F00D337A1 /* Build configuration list for PBXNativeTarget "happiness" */ = {
			isa = XCConfigurationList;
			buildConfigurations = (
				6E01368F1B66148F00D337A1 /* Debug */,
				6E0136901B66148F00D337A1 /* Release */,
			);
			defaultConfigurationIsVisible = 0;
			defaultConfigurationName = Release;
		};
		6E0136911B66148F00D337A1 /* Build configuration list for PBXNativeTarget "happinessTests" */ = {
			isa = XCConfigurationList;
			buildConfigurations = (
				6E0136921B66148F00D337A1 /* Debug */,
				6E0136931B66148F00D337A1 /* Release */,
			);
			defaultConfigurationIsVisible = 0;
			defaultConfigurationName = Release;
		};
/* End XCConfigurationList section */
	};
	rootObject = 6E0136671B66148E00D337A1 /* Project object */;
}
